
Microsoft Visual Studio Solution File, Format Version 12.00
# Visual Studio Version 17
VisualStudioVersion = 17.5.002.0
MinimumVisualStudioVersion = 10.0.40219.1
Project("{9A19103F-16F7-4668-BE54-9A1E7A4F7556}") = "Condicionais", "Condicionais.csproj", "{F12C4813-0DBA-4C31-81EC-33839B2D20ED}"
EndProject
Global
	GlobalSection(SolutionConfigurationPlatforms) = preSolution
		Debug|Any CPU = Debug|Any CPU
		Release|Any CPU = Release|Any CPU
	EndGlobalSection
	GlobalSection(ProjectConfigurationPlatforms) = postSolution
		{F12C4813-0DBA-4C31-81EC-33839B2D20ED}.Debug|Any CPU.ActiveCfg = Debug|Any CPU
		{F12C4813-0DBA-4C31-81EC-33839B2D20ED}.Debug|Any CPU.Build.0 = Debug|Any CPU
		{F12C4813-0DBA-4C31-81EC-33839B2D20ED}.Release|Any CPU.ActiveCfg = Release|Any CPU
		{F12C4813-0DBA-4C31-81EC-33839B2D20ED}.Release|Any CPU.Build.0 = Release|Any CPU
	EndGlobalSection
	GlobalSection(SolutionProperties) = preSolution
		HideSolutionNode = FALSE
	EndGlobalSection
	GlobalSection(ExtensibilityGlobals) = postSolution
		SolutionGuid = {90231014-AB91-4027-B067-DE844FDA67B9}
	EndGlobalSection
EndGlobal
